version = 1
revision = 3
requires-python = ">=3.11"

[[package]]
name = "ijson"
version = "3.3.0"
source = { registry = "https://pypi.org/simple" }
sdist = { url = "https://files.pythonhosted.org/packages/6c/83/28e9e93a3a61913e334e3a2e78ea9924bb9f9b1ac45898977f9d9dd6133f/ijson-3.3.0.tar.gz", hash = "sha256:7f172e6ba1bee0d4c8f8ebd639577bfe429dee0f3f96775a067b8bae4492d8a0", size = 60079, upload-time = "2024-06-06T08:37:13.026Z" }
wheels = [
    { url = "https://files.pythonhosted.org/packages/fd/df/565ba72a6f4b2c833d051af8e2228cfa0b1fef17bb44995c00ad27470c52/ijson-3.3.0-cp311-cp311-macosx_10_9_universal2.whl", hash = "sha256:501dce8eaa537e728aa35810656aa00460a2547dcb60937c8139f36ec344d7fc", size = 85041, upload-time = "2024-06-06T08:34:56.479Z" },
    { url = "https://files.pythonhosted.org/packages/f0/42/1361eaa57ece921d0239881bae6a5e102333be5b6e0102a05ec3caadbd5a/ijson-3.3.0-cp311-cp311-macosx_10_9_x86_64.whl", hash = "sha256:658ba9cad0374d37b38c9893f4864f284cdcc7d32041f9808fba8c7bcaadf134", size = 57829, upload-time = "2024-06-06T08:34:57.632Z" },
    { url = "https://files.pythonhosted.org/packages/f5/b0/143dbfe12e1d1303ea8d8cd6f40e95cea8f03bcad5b79708614a7856c22e/ijson-3.3.0-cp311-cp311-macosx_11_0_arm64.whl", hash = "sha256:2636cb8c0f1023ef16173f4b9a233bcdb1df11c400c603d5f299fac143ca8d70", size = 57217, upload-time = "2024-06-06T08:34:59.397Z" },
    { url = "https://files.pythonhosted.org/packages/0d/80/b3b60c5e5be2839365b03b915718ca462c544fdc71e7a79b7262837995ef/ijson-3.3.0-cp311-cp311-manylinux_2_17_aarch64.manylinux2014_aarch64.whl", hash = "sha256:cd174b90db68c3bcca273e9391934a25d76929d727dc75224bf244446b28b03b", size = 121878, upload-time = "2024-06-06T08:35:01.024Z" },
    { url = "https://files.pythonhosted.org/packages/8d/eb/7560fafa4d40412efddf690cb65a9bf2d3429d6035e544103acbf5561dc4/ijson-3.3.0-cp311-cp311-manylinux_2_17_i686.manylinux2014_i686.whl", hash = "sha256:97a9aea46e2a8371c4cf5386d881de833ed782901ac9f67ebcb63bb3b7d115af", size = 115620, upload-time = "2024-06-06T08:35:02.896Z" },
    { url = "https://files.pythonhosted.org/packages/51/2b/5a34c7841388dce161966e5286931518de832067cd83e6f003d93271e324/ijson-3.3.0-cp311-cp311-manylinux_2_17_x86_64.manylinux2014_x86_64.whl", hash = "sha256:c594c0abe69d9d6099f4ece17763d53072f65ba60b372d8ba6de8695ce6ee39e", size = 119200, upload-time = "2024-06-06T08:35:06.291Z" },
    { url = "https://files.pythonhosted.org/packages/3e/b7/1d64fbec0d0a7b0c02e9ad988a89614532028ead8bb52a2456c92e6ee35a/ijson-3.3.0-cp311-cp311-musllinux_1_2_aarch64.whl", hash = "sha256:8e0ff16c224d9bfe4e9e6bd0395826096cda4a3ef51e6c301e1b61007ee2bd24", size = 121107, upload-time = "2024-06-06T08:35:08.261Z" },
    { url = "https://files.pythonhosted.org/packages/d4/b9/01044f09850bc545ffc85b35aaec473d4f4ca2b6667299033d252c1b60dd/ijson-3.3.0-cp311-cp311-musllinux_1_2_i686.whl", hash = "sha256:0015354011303175eae7e2ef5136414e91de2298e5a2e9580ed100b728c07e51", size = 116658, upload-time = "2024-06-06T08:35:09.99Z" },
    { url = "https://files.pythonhosted.org/packages/fb/0d/53856b61f3d952d299d1695c487e8e28058d01fa2adfba3d6d4b4660c242/ijson-3.3.0-cp311-cp311-musllinux_1_2_x86_64.whl", hash = "sha256:034642558afa57351a0ffe6de89e63907c4cf6849070cc10a3b2542dccda1afe", size = 118186, upload-time = "2024-06-06T08:35:11.561Z" },
    { url = "https://files.pythonhosted.org/packages/95/2d/5bd86e2307dd594840ee51c4e32de953fee837f028acf0f6afb08914cd06/ijson-3.3.0-cp311-cp311-win32.whl", hash = "sha256:192e4b65495978b0bce0c78e859d14772e841724d3269fc1667dc6d2f53cc0ea", size = 48938, upload-time = "2024-06-06T08:35:13.212Z" },
    { url = "https://files.pythonhosted.org/packages/55/e1/4ba2b65b87f67fb19d698984d92635e46d9ce9dd748ce7d009441a586710/ijson-3.3.0-cp311-cp311-win_amd64.whl", hash = "sha256:72e3488453754bdb45c878e31ce557ea87e1eb0f8b4fc610373da35e8074ce42", size = 50972, upload-time = "2024-06-06T08:35:14.698Z" },
    { url = "https://files.pythonhosted.org/packages/8a/4d/3992f7383e26a950e02dc704bc6c5786a080d5c25fe0fc5543ef477c1883/ijson-3.3.0-cp312-cp312-macosx_10_9_universal2.whl", hash = "sha256:988e959f2f3d59ebd9c2962ae71b97c0df58323910d0b368cc190ad07429d1bb", size = 84550, upload-time = "2024-06-06T08:35:16.756Z" },
    { url = "https://files.pythonhosted.org/packages/1b/cc/3d4372e0d0b02a821b982f1fdf10385512dae9b9443c1597719dd37769a9/ijson-3.3.0-cp312-cp312-macosx_10_9_x86_64.whl", hash = "sha256:b2f73f0d0fce5300f23a1383d19b44d103bb113b57a69c36fd95b7c03099b181", size = 57572, upload-time = "2024-06-06T08:35:18.077Z" },
    { url = "https://files.pythonhosted.org/packages/02/de/970d48b1ff9da5d9513c86fdd2acef5cb3415541c8069e0d92a151b84adb/ijson-3.3.0-cp312-cp312-macosx_11_0_arm64.whl", hash = "sha256:0ee57a28c6bf523d7cb0513096e4eb4dac16cd935695049de7608ec110c2b751", size = 56902, upload-time = "2024-06-06T08:35:20.065Z" },
    { url = "https://files.pythonhosted.org/packages/5e/a0/4537722c8b3b05e82c23dfe09a3a64dd1e44a013a5ca58b1e77dfe48b2f1/ijson-3.3.0-cp312-cp312-manylinux_2_17_aarch64.manylinux2014_aarch64.whl", hash = "sha256:e0155a8f079c688c2ccaea05de1ad69877995c547ba3d3612c1c336edc12a3a5", size = 127400, upload-time = "2024-06-06T08:35:21.81Z" },
    { url = "https://files.pythonhosted.org/packages/b2/96/54956062a99cf49f7a7064b573dcd756da0563ce57910dc34e27a473d9b9/ijson-3.3.0-cp312-cp312-manylinux_2_17_i686.manylinux2014_i686.whl", hash = "sha256:7ab00721304af1ae1afa4313ecfa1bf16b07f55ef91e4a5b93aeaa3e2bd7917c", size = 118786, upload-time = "2024-06-06T08:35:23.496Z" },
    { url = "https://files.pythonhosted.org/packages/07/74/795319531c5b5504508f595e631d592957f24bed7ff51a15bc4c61e7b24c/ijson-3.3.0-cp312-cp312-manylinux_2_17_x86_64.manylinux2014_x86_64.whl", hash = "sha256:40ee3821ee90be0f0e95dcf9862d786a7439bd1113e370736bfdf197e9765bfb", size = 126288, upload-time = "2024-06-06T08:35:25.473Z" },
    { url = "https://files.pythonhosted.org/packages/69/6a/e0cec06fbd98851d5d233b59058c1dc2ea767c9bb6feca41aa9164fff769/ijson-3.3.0-cp312-cp312-musllinux_1_2_aarch64.whl", hash = "sha256:da3b6987a0bc3e6d0f721b42c7a0198ef897ae50579547b0345f7f02486898f5", size = 129569, upload-time = "2024-06-06T08:35:26.871Z" },
    { url = "https://files.pythonhosted.org/packages/2a/4f/82c0d896d8dcb175f99ced7d87705057bcd13523998b48a629b90139a0dc/ijson-3.3.0-cp312-cp312-musllinux_1_2_i686.whl", hash = "sha256:63afea5f2d50d931feb20dcc50954e23cef4127606cc0ecf7a27128ed9f9a9e6", size = 121508, upload-time = "2024-06-06T08:35:28.236Z" },
    { url = "https://files.pythonhosted.org/packages/2b/b6/8973474eba4a917885e289d9e138267d3d1f052c2d93b8c968755661a42d/ijson-3.3.0-cp312-cp312-musllinux_1_2_x86_64.whl", hash = "sha256:b5c3e285e0735fd8c5a26d177eca8b52512cdd8687ca86ec77a0c66e9c510182", size = 127896, upload-time = "2024-06-06T08:35:29.61Z" },
    { url = "https://files.pythonhosted.org/packages/94/25/00e66af887adbbe70002e0479c3c2340bdfa17a168e25d4ab5a27b53582d/ijson-3.3.0-cp312-cp312-win32.whl", hash = "sha256:907f3a8674e489abdcb0206723e5560a5cb1fa42470dcc637942d7b10f28b695", size = 49272, upload-time = "2024-06-06T08:35:31.137Z" },
    { url = "https://files.pythonhosted.org/packages/25/a2/e187beee237808b2c417109ae0f4f7ee7c81ecbe9706305d6ac2a509cc45/ijson-3.3.0-cp312-cp312-win_amd64.whl", hash = "sha256:8f890d04ad33262d0c77ead53c85f13abfb82f2c8f078dfbf24b78f59534dfdd", size = 51272, upload-time = "2024-06-06T08:35:32.38Z" },
]

[[package]]
name = "leverx-homework-3"
version = "0.1.0"
source = { virtual = "." }
dependencies = [
    { name = "ijson" },
    { name = "mysql-connector-python" },
    { name = "python-dotenv" },
]

[package.metadata]
requires-dist = [
    { name = "ijson", specifier = "==3.3.0" },
    { name = "mysql-connector-python", specifier = "==9.0.0" },
    { name = "python-dotenv", specifier = "==1.0.1" },
]

[[package]]
name = "mysql-connector-python"
version = "9.0.0"
source = { registry = "https://pypi.org/simple" }
sdist = { url = "https://files.pythonhosted.org/packages/f3/ec/3c94822a25548613949ea23444fe335ca9ad96e9155832ce57fdcf37c3c5/mysql-connector-python-9.0.0.tar.gz", hash = "sha256:8a404db37864acca43fd76222d1fbc7ff8d17d4ce02d803289c2141c2693ce9e", size = 302316, upload-time = "2024-07-01T11:05:26.095Z" }
wheels = [
    { url = "https://files.pythonhosted.org/packages/17/27/04f9d6d05b8b44c5437d5de02792fbd1020da07c921d537fcf490aef9514/mysql_connector_python-9.0.0-cp311-cp311-macosx_13_0_arm64.whl", hash = "sha256:7af7f68198f2aca3a520e1201fe2b329331e0ca19a481f3b3451cb0746f56c01", size = 13355482, upload-time = "2024-07-01T10:59:27.041Z" },
    { url = "https://files.pythonhosted.org/packages/3b/63/7cbee7b2d6947037e1c2ae4a27bbca230a09a8a3f26c7077ef4041f7ab78/mysql_connector_python-9.0.0-cp311-cp311-macosx_13_0_x86_64.whl", hash = "sha256:38c229d76cd1dea8465357855f2b2842b7a9b201f17dea13b0eab7d3b9d6ad74", size = 14168498, upload-time = "2024-07-01T10:59:31.972Z" },
    { url = "https://files.pythonhosted.org/packages/65/1a/c76bd2c6570d78df36d87de78cc5b6f6746707052da9e073df65988f69f1/mysql_connector_python-9.0.0-cp311-cp311-manylinux_2_17_aarch64.whl", hash = "sha256:c01aad36f0c34ca3f642018be37fd0d55c546f088837cba88f1a1aff408c63dd", size = 18937761, upload-time = "2024-07-01T10:59:39.12Z" },
    { url = "https://files.pythonhosted.org/packages/60/53/7468007a8f9d5b1f251b50039969a600e84114934d1369d6f7090e24369d/mysql_connector_python-9.0.0-cp311-cp311-manylinux_2_17_x86_64.whl", hash = "sha256:853c5916d188ef2c357a474e15ac81cafae6085e599ceb9b2b0bcb9104118e63", size = 19276032, upload-time = "2024-07-01T10:59:48.859Z" },
    { url = "https://files.pythonhosted.org/packages/5f/c3/b4c36fbc65c119fca83f258557573d8cd296da5e198d3752c669f8e871e2/mysql_connector_python-9.0.0-cp311-cp311-win_amd64.whl", hash = "sha256:134b71e439e2eafaee4c550365221ae2890dd54fb76227c64a87a94a07fe79b4", size = 14342466, upload-time = "2024-07-01T10:59:58.046Z" },
    { url = "https://files.pythonhosted.org/packages/17/0c/c0fa64f15fde771a477fd7d3977f8587c5a17db32ea6f4e59a87098c8196/mysql_connector_python-9.0.0-cp312-cp312-macosx_13_0_arm64.whl", hash = "sha256:9199d6ecc81576602990178f0c2fb71737c53a598c8a2f51e1097a53fcfaee40", size = 13355713, upload-time = "2024-07-01T11:00:10.657Z" },
    { url = "https://files.pythonhosted.org/packages/a5/9c/95baabae0d4be3c5bead3c6c8abc4859b8d54a5f42a1585d7a47b3d3cc61/mysql_connector_python-9.0.0-cp312-cp312-macosx_13_0_x86_64.whl", hash = "sha256:b267a6c000b7f98e6436a9acefa5582a9662e503b0632a2562e3093a677f6845", size = 14168935, upload-time = "2024-07-01T11:00:22.929Z" },
    { url = "https://files.pythonhosted.org/packages/de/06/e104312845f9e25bb107574510b1c70e13bd9c1be2c794a3f528a5bc956d/mysql_connector_python-9.0.0-cp312-cp312-manylinux_2_17_aarch64.whl", hash = "sha256:ac92b2f2a9307ac0c4aafdfcf7ecf01ec92dfebd9140f8c95353adfbf5822cd4", size = 18937982, upload-time = "2024-07-01T11:00:35.023Z" },
    { url = "https://files.pythonhosted.org/packages/5a/7f/3d7776ca4234d0e6bffb6011532411adcbd80859c385c59d6e651c272b42/mysql_connector_python-9.0.0-cp312-cp312-manylinux_2_17_x86_64.whl", hash = "sha256:ced1fa55e653d28f66c4f3569ed524d4d92098119dcd80c2fa026872a30eba55", size = 19276407, upload-time = "2024-07-01T11:00:42.295Z" },
    { url = "https://files.pythonhosted.org/packages/a1/70/618c9795fcf31768f59060db89bba7cafe9ae180064cb5206948c8c33295/mysql_connector_python-9.0.0-cp312-cp312-win_amd64.whl", hash = "sha256:ca8349fe56ce39498d9b5ca8eabba744774e94d85775259f26a43a03e8825429", size = 14342613, upload-time = "2024-07-01T11:00:48.598Z" },
    { url = "https://files.pythonhosted.org/packages/98/26/5d223645a5ff16e0e462128473e950fdbbb90d210b7ca59a1b3a5dca7b0b/mysql_connector_python-9.0.0-py2.py3-none-any.whl", hash = "sha256:016d81bb1499dee8b77c82464244e98f10d3671ceefb4023adc559267d1fad50", size = 372965, upload-time = "2024-07-01T11:02:10.472Z" },
]

[[package]]
name = "python-dotenv"
version = "1.0.1"
source = { registry = "https://pypi.org/simple" }
sdist = { url = "https://files.pythonhosted.org/packages/bc/57/e84d88dfe0aec03b7a2d4327012c1627ab5f03652216c63d49846d7a6c58/python-dotenv-1.0.1.tar.gz", hash = "sha256:e324ee90a023d808f1959c46bcbc04446a10ced277783dc6ee09987c37ec10ca", size = 39115, upload-time = "2024-01-23T06:33:00.505Z" }
wheels = [
    { url = "https://files.pythonhosted.org/packages/6a/3e/b68c118422ec867fa7ab88444e1274aa40681c606d59ac27de5a5588f082/python_dotenv-1.0.1-py3-none-any.whl", hash = "sha256:f7b63ef50f1b690dddf550d03497b66d609393b40b564ed0d674909a68ebf16a", size = 19863, upload-time = "2024-01-23T06:32:58.246Z" },
]
